
Microsoft Visual Studio Solution File, Format Version 12.00
# Visual Studio Version 17
VisualStudioVersion = 17.4.33110.190
MinimumVisualStudioVersion = 10.0.40219.1
Project("{9A19103F-16F7-4668-BE54-9A1E7A4F7556}") = "FinancialManager.Api", "FinancialManager.Api.csproj", "{85D6D6D5-9094-4E81-921B-CFF04B5124F4}"
EndProject
Project("{9A19103F-16F7-4668-BE54-9A1E7A4F7556}") = "FinancialManager.Data", "FinancialManager.Data\FinancialManager.Data.csproj", "{136A08F0-B523-4969-8D3D-A068A25112A7}"
EndProject
Project("{9A19103F-16F7-4668-BE54-9A1E7A4F7556}") = "FinancialManager.Commons", "FinancialManager.Commons\FinancialManager.Commons.csproj", "{5294C728-9298-4F73-948F-E311024D5A1A}"
EndProject
Global
	GlobalSection(SolutionConfigurationPlatforms) = preSolution
		Debug|Any CPU = Debug|Any CPU
		Release|Any CPU = Release|Any CPU
	EndGlobalSection
	GlobalSection(ProjectConfigurationPlatforms) = postSolution
		{85D6D6D5-9094-4E81-921B-CFF04B5124F4}.Debug|Any CPU.ActiveCfg = Debug|Any CPU
		{85D6D6D5-9094-4E81-921B-CFF04B5124F4}.Debug|Any CPU.Build.0 = Debug|Any CPU
		{85D6D6D5-9094-4E81-921B-CFF04B5124F4}.Release|Any CPU.ActiveCfg = Release|Any CPU
		{85D6D6D5-9094-4E81-921B-CFF04B5124F4}.Release|Any CPU.Build.0 = Release|Any CPU
		{136A08F0-B523-4969-8D3D-A068A25112A7}.Debug|Any CPU.ActiveCfg = Debug|Any CPU
		{136A08F0-B523-4969-8D3D-A068A25112A7}.Debug|Any CPU.Build.0 = Debug|Any CPU
		{136A08F0-B523-4969-8D3D-A068A25112A7}.Release|Any CPU.ActiveCfg = Release|Any CPU
		{136A08F0-B523-4969-8D3D-A068A25112A7}.Release|Any CPU.Build.0 = Release|Any CPU
		{5294C728-9298-4F73-948F-E311024D5A1A}.Debug|Any CPU.ActiveCfg = Debug|Any CPU
		{5294C728-9298-4F73-948F-E311024D5A1A}.Debug|Any CPU.Build.0 = Debug|Any CPU
		{5294C728-9298-4F73-948F-E311024D5A1A}.Release|Any CPU.ActiveCfg = Release|Any CPU
		{5294C728-9298-4F73-948F-E311024D5A1A}.Release|Any CPU.Build.0 = Release|Any CPU
	EndGlobalSection
	GlobalSection(SolutionProperties) = preSolution
		HideSolutionNode = FALSE
	EndGlobalSection
	GlobalSection(ExtensibilityGlobals) = postSolution
		SolutionGuid = {2D811083-0893-45ED-B29F-43121C11A9CB}
	EndGlobalSection
EndGlobal
