
Microsoft Visual Studio Solution File, Format Version 12.00
# Visual Studio Version 17
VisualStudioVersion = 17.4.33110.190
MinimumVisualStudioVersion = 10.0.40219.1
Project("{9A19103F-16F7-4668-BE54-9A1E7A4F7556}") = "FinancialManager.Api", "FinancialManager.Api.csproj", "{85D6D6D5-9094-4E81-921B-CFF04B5124F4}"
EndProject
Project("{FAE04EC0-301F-11D3-BF4B-00C04F79EFBC}") = "FinancialManager.Data", "..\FinancialManager.Data\FinancialManager.Data.csproj", "{AA91DC51-BABD-41C4-AE3E-D1439137EE0C}"
EndProject
Project("{FAE04EC0-301F-11D3-BF4B-00C04F79EFBC}") = "FinancialManager.Commons", "..\FinancialManager.Commons\FinancialManager.Commons.csproj", "{1070E8E6-190A-4546-80C4-B303B0CD352F}"
EndProject
Global
	GlobalSection(SolutionConfigurationPlatforms) = preSolution
		Debug|Any CPU = Debug|Any CPU
		Release|Any CPU = Release|Any CPU
	EndGlobalSection
	GlobalSection(ProjectConfigurationPlatforms) = postSolution
		{85D6D6D5-9094-4E81-921B-CFF04B5124F4}.Debug|Any CPU.ActiveCfg = Debug|Any CPU
		{85D6D6D5-9094-4E81-921B-CFF04B5124F4}.Debug|Any CPU.Build.0 = Debug|Any CPU
		{85D6D6D5-9094-4E81-921B-CFF04B5124F4}.Release|Any CPU.ActiveCfg = Release|Any CPU
		{85D6D6D5-9094-4E81-921B-CFF04B5124F4}.Release|Any CPU.Build.0 = Release|Any CPU
		{AA91DC51-BABD-41C4-AE3E-D1439137EE0C}.Debug|Any CPU.ActiveCfg = Debug|Any CPU
		{AA91DC51-BABD-41C4-AE3E-D1439137EE0C}.Debug|Any CPU.Build.0 = Debug|Any CPU
		{AA91DC51-BABD-41C4-AE3E-D1439137EE0C}.Release|Any CPU.ActiveCfg = Release|Any CPU
		{AA91DC51-BABD-41C4-AE3E-D1439137EE0C}.Release|Any CPU.Build.0 = Release|Any CPU
		{1070E8E6-190A-4546-80C4-B303B0CD352F}.Debug|Any CPU.ActiveCfg = Debug|Any CPU
		{1070E8E6-190A-4546-80C4-B303B0CD352F}.Debug|Any CPU.Build.0 = Debug|Any CPU
		{1070E8E6-190A-4546-80C4-B303B0CD352F}.Release|Any CPU.ActiveCfg = Release|Any CPU
		{1070E8E6-190A-4546-80C4-B303B0CD352F}.Release|Any CPU.Build.0 = Release|Any CPU
	EndGlobalSection
	GlobalSection(SolutionProperties) = preSolution
		HideSolutionNode = FALSE
	EndGlobalSection
	GlobalSection(ExtensibilityGlobals) = postSolution
		SolutionGuid = {2D811083-0893-45ED-B29F-43121C11A9CB}
	EndGlobalSection
EndGlobal
